
Microsoft Visual Studio Solution File, Format Version 12.00
# Visual Studio Version 16
VisualStudioVersion = 16.0.30204.135
MinimumVisualStudioVersion = 10.0.40219.1
Project("{FAE04EC0-301F-11D3-BF4B-00C04F79EFBC}") = "Myntra", "Myntra\Myntra.csproj", "{D7A31444-14CC-49C5-8072-81BF2046AF67}"
EndProject
Global
	GlobalSection(SolutionConfigurationPlatforms) = preSolution
		Debug|Any CPU = Debug|Any CPU
		Release|Any CPU = Release|Any CPU
	EndGlobalSection
	GlobalSection(ProjectConfigurationPlatforms) = postSolution
		{D7A31444-14CC-49C5-8072-81BF2046AF67}.Debug|Any CPU.ActiveCfg = Debug|Any CPU
		{D7A31444-14CC-49C5-8072-81BF2046AF67}.Debug|Any CPU.Build.0 = Debug|Any CPU
		{D7A31444-14CC-49C5-8072-81BF2046AF67}.Release|Any CPU.ActiveCfg = Release|Any CPU
		{D7A31444-14CC-49C5-8072-81BF2046AF67}.Release|Any CPU.Build.0 = Release|Any CPU
	EndGlobalSection
	GlobalSection(SolutionProperties) = preSolution
		HideSolutionNode = FALSE
	EndGlobalSection
	GlobalSection(ExtensibilityGlobals) = postSolution
		SolutionGuid = {2A6EF0FB-E1A3-4D25-A06A-35DCD32EBBDC}
	EndGlobalSection
EndGlobal
